
Microsoft Visual Studio Solution File, Format Version 12.00
# Visual Studio Version 16
VisualStudioVersion = 16.0.29920.165
MinimumVisualStudioVersion = 10.0.40219.1
Project("{2150E333-8FDC-42A3-9474-1A3956D46DE8}") = "Microservices", "Microservices", "{2604ED01-AD46-4FC0-8B45-C5C06CBD0B1E}"
EndProject
Project("{9A19103F-16F7-4668-BE54-9A1E7A4F7556}") = "MicroRabbit.Domain.Core", "MicroRabbit.Domain.Core\MicroRabbit.Domain.Core.csproj", "{8ED92475-81BC-451D-B111-B4B9D415AC5F}"
EndProject
Project("{9A19103F-16F7-4668-BE54-9A1E7A4F7556}") = "MicroRabbit.Infrastructure.Bus", "MicroRabbit.Infrastructure.Bus\MicroRabbit.Infrastructure.Bus.csproj", "{54CAC89F-92DC-410E-9C86-B61F580A6A71}"
EndProject
Project("{9A19103F-16F7-4668-BE54-9A1E7A4F7556}") = "MicroRabbit.Infrastructure.IoC", "MicroRabbit.Infrastructure.IoC\MicroRabbit.Infrastructure.IoC.csproj", "{0C1AEB38-1089-4F6B-8999-D1E0BC5A2989}"
EndProject
Project("{2150E333-8FDC-42A3-9474-1A3956D46DE8}") = "Domain", "Domain", "{0F1B8223-8D0B-46BE-B223-15393440E0AB}"
EndProject
Project("{2150E333-8FDC-42A3-9474-1A3956D46DE8}") = "Infrastructure", "Infrastructure", "{921D6821-DA43-4B76-8000-68AD200BE8EC}"
EndProject
Project("{2150E333-8FDC-42A3-9474-1A3956D46DE8}") = "Presentation", "Presentation", "{0C869D42-130A-43AC-A10F-B85007C5AB65}"
EndProject
Project("{2150E333-8FDC-42A3-9474-1A3956D46DE8}") = "Banking", "Banking", "{BE8C151A-8530-4008-AD36-3291E7D3ABC3}"
EndProject
Project("{2150E333-8FDC-42A3-9474-1A3956D46DE8}") = "Api", "Api", "{5672D29E-6E49-4425-8508-0857AA954930}"
EndProject
Project("{2150E333-8FDC-42A3-9474-1A3956D46DE8}") = "Domain", "Domain", "{0DE9DD1E-AA69-4AF0-8251-8393C08902CD}"
EndProject
Project("{2150E333-8FDC-42A3-9474-1A3956D46DE8}") = "Application", "Application", "{A88A7A7E-0C80-490C-A397-298F3A4F5331}"
EndProject
Project("{2150E333-8FDC-42A3-9474-1A3956D46DE8}") = "Data", "Data", "{E2BA1F9C-6DF5-4656-93C5-F30C7C33F955}"
EndProject
Project("{9A19103F-16F7-4668-BE54-9A1E7A4F7556}") = "MicroRabbit.Banking.Api", "MicroRabbit.Banking.Api\MicroRabbit.Banking.Api.csproj", "{4BB7B0BB-D2C5-4BC8-AF0D-69923CC7206A}"
EndProject
Project("{9A19103F-16F7-4668-BE54-9A1E7A4F7556}") = "MicroRabbit.Banking.Application", "MicroRabbit.Banking.Application\MicroRabbit.Banking.Application.csproj", "{41B2C563-75D0-40B3-B2AE-D99FD8239BBE}"
EndProject
Project("{9A19103F-16F7-4668-BE54-9A1E7A4F7556}") = "MicroRabbit.Banking.Data", "MicroRabbit.Banking.Data\MicroRabbit.Banking.Data.csproj", "{25BCAE96-C694-447A-8680-9E1F3E42880D}"
EndProject
Project("{9A19103F-16F7-4668-BE54-9A1E7A4F7556}") = "MicroRabbit.Banking.Domain", "MicroRabbit.Banking.Domain\MicroRabbit.Banking.Domain.csproj", "{F57061FC-C193-4110-86E8-E4BA7C68DDC2}"
EndProject
Project("{2150E333-8FDC-42A3-9474-1A3956D46DE8}") = "Transfer", "Transfer", "{69446EC5-4869-4837-BF2B-02686C70D0E1}"
EndProject
Project("{2150E333-8FDC-42A3-9474-1A3956D46DE8}") = "Api", "Api", "{BD5357D7-886B-4605-82F1-F9B4ECAE943E}"
EndProject
Project("{2150E333-8FDC-42A3-9474-1A3956D46DE8}") = "Data", "Data", "{C78AABA5-633F-4C84-9598-87BA66ADE677}"
EndProject
Project("{2150E333-8FDC-42A3-9474-1A3956D46DE8}") = "Domain", "Domain", "{0F6B5C2B-26F4-4BFD-94A0-7811E45A17BD}"
EndProject
Project("{2150E333-8FDC-42A3-9474-1A3956D46DE8}") = "Application", "Application", "{25EC239F-E103-47A0-A109-97E60469D143}"
EndProject
Project("{FAE04EC0-301F-11D3-BF4B-00C04F79EFBC}") = "MicroRabbit.Transfer.Api", "MicroRabbit.Transfer.Api\MicroRabbit.Transfer.Api.csproj", "{70114F42-BA6F-4297-8605-7A57F20A3613}"
EndProject
Project("{FAE04EC0-301F-11D3-BF4B-00C04F79EFBC}") = "MicroRabbit.Transfer.Application", "MicroRabbit.Transfer.Application\MicroRabbit.Transfer.Application.csproj", "{F0D3B720-26CE-489F-AC92-A4B4D9346EC7}"
EndProject
Project("{FAE04EC0-301F-11D3-BF4B-00C04F79EFBC}") = "MicroRabbit.Transfer.Data", "MicroRabbit.Transfer.Data\MicroRabbit.Transfer.Data.csproj", "{26EEDAA8-5535-481B-8DD5-E32DCA9554A2}"
EndProject
Project("{FAE04EC0-301F-11D3-BF4B-00C04F79EFBC}") = "MicroRabbit.Transfer.Domain", "MicroRabbit.Transfer.Domain\MicroRabbit.Transfer.Domain.csproj", "{646A1146-4CCF-4958-95C2-BB0B0F5219D3}"
EndProject
Global
	GlobalSection(SolutionConfigurationPlatforms) = preSolution
		Debug|Any CPU = Debug|Any CPU
		Release|Any CPU = Release|Any CPU
	EndGlobalSection
	GlobalSection(ProjectConfigurationPlatforms) = postSolution
		{8ED92475-81BC-451D-B111-B4B9D415AC5F}.Debug|Any CPU.ActiveCfg = Debug|Any CPU
		{8ED92475-81BC-451D-B111-B4B9D415AC5F}.Debug|Any CPU.Build.0 = Debug|Any CPU
		{8ED92475-81BC-451D-B111-B4B9D415AC5F}.Release|Any CPU.ActiveCfg = Release|Any CPU
		{8ED92475-81BC-451D-B111-B4B9D415AC5F}.Release|Any CPU.Build.0 = Release|Any CPU
		{54CAC89F-92DC-410E-9C86-B61F580A6A71}.Debug|Any CPU.ActiveCfg = Debug|Any CPU
		{54CAC89F-92DC-410E-9C86-B61F580A6A71}.Debug|Any CPU.Build.0 = Debug|Any CPU
		{54CAC89F-92DC-410E-9C86-B61F580A6A71}.Release|Any CPU.ActiveCfg = Release|Any CPU
		{54CAC89F-92DC-410E-9C86-B61F580A6A71}.Release|Any CPU.Build.0 = Release|Any CPU
		{0C1AEB38-1089-4F6B-8999-D1E0BC5A2989}.Debug|Any CPU.ActiveCfg = Debug|Any CPU
		{0C1AEB38-1089-4F6B-8999-D1E0BC5A2989}.Debug|Any CPU.Build.0 = Debug|Any CPU
		{0C1AEB38-1089-4F6B-8999-D1E0BC5A2989}.Release|Any CPU.ActiveCfg = Release|Any CPU
		{0C1AEB38-1089-4F6B-8999-D1E0BC5A2989}.Release|Any CPU.Build.0 = Release|Any CPU
		{4BB7B0BB-D2C5-4BC8-AF0D-69923CC7206A}.Debug|Any CPU.ActiveCfg = Debug|Any CPU
		{4BB7B0BB-D2C5-4BC8-AF0D-69923CC7206A}.Debug|Any CPU.Build.0 = Debug|Any CPU
		{4BB7B0BB-D2C5-4BC8-AF0D-69923CC7206A}.Release|Any CPU.ActiveCfg = Release|Any CPU
		{4BB7B0BB-D2C5-4BC8-AF0D-69923CC7206A}.Release|Any CPU.Build.0 = Release|Any CPU
		{41B2C563-75D0-40B3-B2AE-D99FD8239BBE}.Debug|Any CPU.ActiveCfg = Debug|Any CPU
		{41B2C563-75D0-40B3-B2AE-D99FD8239BBE}.Debug|Any CPU.Build.0 = Debug|Any CPU
		{41B2C563-75D0-40B3-B2AE-D99FD8239BBE}.Release|Any CPU.ActiveCfg = Release|Any CPU
		{41B2C563-75D0-40B3-B2AE-D99FD8239BBE}.Release|Any CPU.Build.0 = Release|Any CPU
		{25BCAE96-C694-447A-8680-9E1F3E42880D}.Debug|Any CPU.ActiveCfg = Debug|Any CPU
		{25BCAE96-C694-447A-8680-9E1F3E42880D}.Debug|Any CPU.Build.0 = Debug|Any CPU
		{25BCAE96-C694-447A-8680-9E1F3E42880D}.Release|Any CPU.ActiveCfg = Release|Any CPU
		{25BCAE96-C694-447A-8680-9E1F3E42880D}.Release|Any CPU.Build.0 = Release|Any CPU
		{F57061FC-C193-4110-86E8-E4BA7C68DDC2}.Debug|Any CPU.ActiveCfg = Debug|Any CPU
		{F57061FC-C193-4110-86E8-E4BA7C68DDC2}.Debug|Any CPU.Build.0 = Debug|Any CPU
		{F57061FC-C193-4110-86E8-E4BA7C68DDC2}.Release|Any CPU.ActiveCfg = Release|Any CPU
		{F57061FC-C193-4110-86E8-E4BA7C68DDC2}.Release|Any CPU.Build.0 = Release|Any CPU
		{70114F42-BA6F-4297-8605-7A57F20A3613}.Debug|Any CPU.ActiveCfg = Debug|Any CPU
		{70114F42-BA6F-4297-8605-7A57F20A3613}.Debug|Any CPU.Build.0 = Debug|Any CPU
		{70114F42-BA6F-4297-8605-7A57F20A3613}.Release|Any CPU.ActiveCfg = Release|Any CPU
		{70114F42-BA6F-4297-8605-7A57F20A3613}.Release|Any CPU.Build.0 = Release|Any CPU
		{F0D3B720-26CE-489F-AC92-A4B4D9346EC7}.Debug|Any CPU.ActiveCfg = Debug|Any CPU
		{F0D3B720-26CE-489F-AC92-A4B4D9346EC7}.Debug|Any CPU.Build.0 = Debug|Any CPU
		{F0D3B720-26CE-489F-AC92-A4B4D9346EC7}.Release|Any CPU.ActiveCfg = Release|Any CPU
		{F0D3B720-26CE-489F-AC92-A4B4D9346EC7}.Release|Any CPU.Build.0 = Release|Any CPU
		{26EEDAA8-5535-481B-8DD5-E32DCA9554A2}.Debug|Any CPU.ActiveCfg = Debug|Any CPU
		{26EEDAA8-5535-481B-8DD5-E32DCA9554A2}.Debug|Any CPU.Build.0 = Debug|Any CPU
		{26EEDAA8-5535-481B-8DD5-E32DCA9554A2}.Release|Any CPU.ActiveCfg = Release|Any CPU
		{26EEDAA8-5535-481B-8DD5-E32DCA9554A2}.Release|Any CPU.Build.0 = Release|Any CPU
		{646A1146-4CCF-4958-95C2-BB0B0F5219D3}.Debug|Any CPU.ActiveCfg = Debug|Any CPU
		{646A1146-4CCF-4958-95C2-BB0B0F5219D3}.Debug|Any CPU.Build.0 = Debug|Any CPU
		{646A1146-4CCF-4958-95C2-BB0B0F5219D3}.Release|Any CPU.ActiveCfg = Release|Any CPU
		{646A1146-4CCF-4958-95C2-BB0B0F5219D3}.Release|Any CPU.Build.0 = Release|Any CPU
	EndGlobalSection
	GlobalSection(SolutionProperties) = preSolution
		HideSolutionNode = FALSE
	EndGlobalSection
	GlobalSection(NestedProjects) = preSolution
		{8ED92475-81BC-451D-B111-B4B9D415AC5F} = {0F1B8223-8D0B-46BE-B223-15393440E0AB}
		{54CAC89F-92DC-410E-9C86-B61F580A6A71} = {921D6821-DA43-4B76-8000-68AD200BE8EC}
		{0C1AEB38-1089-4F6B-8999-D1E0BC5A2989} = {921D6821-DA43-4B76-8000-68AD200BE8EC}
		{BE8C151A-8530-4008-AD36-3291E7D3ABC3} = {2604ED01-AD46-4FC0-8B45-C5C06CBD0B1E}
		{5672D29E-6E49-4425-8508-0857AA954930} = {BE8C151A-8530-4008-AD36-3291E7D3ABC3}
		{0DE9DD1E-AA69-4AF0-8251-8393C08902CD} = {BE8C151A-8530-4008-AD36-3291E7D3ABC3}
		{A88A7A7E-0C80-490C-A397-298F3A4F5331} = {BE8C151A-8530-4008-AD36-3291E7D3ABC3}
		{E2BA1F9C-6DF5-4656-93C5-F30C7C33F955} = {BE8C151A-8530-4008-AD36-3291E7D3ABC3}
		{4BB7B0BB-D2C5-4BC8-AF0D-69923CC7206A} = {5672D29E-6E49-4425-8508-0857AA954930}
		{41B2C563-75D0-40B3-B2AE-D99FD8239BBE} = {A88A7A7E-0C80-490C-A397-298F3A4F5331}
		{25BCAE96-C694-447A-8680-9E1F3E42880D} = {E2BA1F9C-6DF5-4656-93C5-F30C7C33F955}
		{F57061FC-C193-4110-86E8-E4BA7C68DDC2} = {0DE9DD1E-AA69-4AF0-8251-8393C08902CD}
		{69446EC5-4869-4837-BF2B-02686C70D0E1} = {2604ED01-AD46-4FC0-8B45-C5C06CBD0B1E}
		{BD5357D7-886B-4605-82F1-F9B4ECAE943E} = {69446EC5-4869-4837-BF2B-02686C70D0E1}
		{C78AABA5-633F-4C84-9598-87BA66ADE677} = {69446EC5-4869-4837-BF2B-02686C70D0E1}
		{0F6B5C2B-26F4-4BFD-94A0-7811E45A17BD} = {69446EC5-4869-4837-BF2B-02686C70D0E1}
		{25EC239F-E103-47A0-A109-97E60469D143} = {69446EC5-4869-4837-BF2B-02686C70D0E1}
		{70114F42-BA6F-4297-8605-7A57F20A3613} = {BD5357D7-886B-4605-82F1-F9B4ECAE943E}
		{F0D3B720-26CE-489F-AC92-A4B4D9346EC7} = {25EC239F-E103-47A0-A109-97E60469D143}
		{26EEDAA8-5535-481B-8DD5-E32DCA9554A2} = {C78AABA5-633F-4C84-9598-87BA66ADE677}
		{646A1146-4CCF-4958-95C2-BB0B0F5219D3} = {0F6B5C2B-26F4-4BFD-94A0-7811E45A17BD}
	EndGlobalSection
	GlobalSection(ExtensibilityGlobals) = postSolution
		SolutionGuid = {450AC2EF-6CE8-4024-A239-AC51A4A8312B}
	EndGlobalSection
EndGlobal
